
Microsoft Visual Studio Solution File, Format Version 12.00
# Visual Studio Version 16
VisualStudioVersion = 16.0.29519.181
MinimumVisualStudioVersion = 10.0.40219.1
Project("{FAE04EC0-301F-11D3-BF4B-00C04F79EFBC}") = "BHJewlryManagement", "BHJewlryManagement\BHJewlryManagement.csproj", "{9C24A9D9-9529-44D1-B591-56586E4804DC}"
EndProject
Project("{FAE04EC0-301F-11D3-BF4B-00C04F79EFBC}") = "JewlryManager", "JewlryManager\JewlryManager.csproj", "{7540C7CF-E93F-4895-AF4A-0DA65EFFBB7F}"
EndProject
Global
	GlobalSection(SolutionConfigurationPlatforms) = preSolution
		Debug|Any CPU = Debug|Any CPU
		Release|Any CPU = Release|Any CPU
	EndGlobalSection
	GlobalSection(ProjectConfigurationPlatforms) = postSolution
		{9C24A9D9-9529-44D1-B591-56586E4804DC}.Debug|Any CPU.ActiveCfg = Debug|Any CPU
		{9C24A9D9-9529-44D1-B591-56586E4804DC}.Debug|Any CPU.Build.0 = Debug|Any CPU
		{9C24A9D9-9529-44D1-B591-56586E4804DC}.Release|Any CPU.ActiveCfg = Release|Any CPU
		{9C24A9D9-9529-44D1-B591-56586E4804DC}.Release|Any CPU.Build.0 = Release|Any CPU
		{7540C7CF-E93F-4895-AF4A-0DA65EFFBB7F}.Debug|Any CPU.ActiveCfg = Debug|Any CPU
		{7540C7CF-E93F-4895-AF4A-0DA65EFFBB7F}.Debug|Any CPU.Build.0 = Debug|Any CPU
		{7540C7CF-E93F-4895-AF4A-0DA65EFFBB7F}.Release|Any CPU.ActiveCfg = Release|Any CPU
		{7540C7CF-E93F-4895-AF4A-0DA65EFFBB7F}.Release|Any CPU.Build.0 = Release|Any CPU
	EndGlobalSection
	GlobalSection(SolutionProperties) = preSolution
		HideSolutionNode = FALSE
	EndGlobalSection
	GlobalSection(ExtensibilityGlobals) = postSolution
		SolutionGuid = {A3A2DF45-A7D1-4B07-9CAD-FD699F01F068}
	EndGlobalSection
EndGlobal
